
Microsoft Visual Studio Solution File, Format Version 12.00
# Visual Studio Version 16
VisualStudioVersion = 16.0.32510.428
MinimumVisualStudioVersion = 10.0.40219.1
Project("{9A19103F-16F7-4668-BE54-9A1E7A4F7556}") = "WebAPI", "WebAPI.csproj", "{2D6F3412-D8D6-462F-B294-82D0442B92A6}"
EndProject
Global
	GlobalSection(SolutionConfigurationPlatforms) = preSolution
		Debug|Any CPU = Debug|Any CPU
		Release|Any CPU = Release|Any CPU
	EndGlobalSection
	GlobalSection(ProjectConfigurationPlatforms) = postSolution
		{2D6F3412-D8D6-462F-B294-82D0442B92A6}.Debug|Any CPU.ActiveCfg = Debug|Any CPU
		{2D6F3412-D8D6-462F-B294-82D0442B92A6}.Debug|Any CPU.Build.0 = Debug|Any CPU
		{2D6F3412-D8D6-462F-B294-82D0442B92A6}.Release|Any CPU.ActiveCfg = Release|Any CPU
		{2D6F3412-D8D6-462F-B294-82D0442B92A6}.Release|Any CPU.Build.0 = Release|Any CPU
	EndGlobalSection
	GlobalSection(SolutionProperties) = preSolution
		HideSolutionNode = FALSE
	EndGlobalSection
	GlobalSection(ExtensibilityGlobals) = postSolution
		SolutionGuid = {E3EA0716-6CDB-4CB8-AB8B-5B5C7281B80A}
	EndGlobalSection
EndGlobal
